
Microsoft Visual Studio Solution File, Format Version 12.00
# Visual Studio 2013
VisualStudioVersion = 12.0.31101.0
MinimumVisualStudioVersion = 10.0.40219.1
Project("{FAE04EC0-301F-11D3-BF4B-00C04F79EFBC}") = "AliArchive.Controllers", "AliArchive.Controllers\AliArchive.Controllers.csproj", "{5E5AB059-F032-4A7D-BB84-BE5B089A0E67}"
EndProject
Project("{FAE04EC0-301F-11D3-BF4B-00C04F79EFBC}") = "AliArchive.Infrastructure", "AliArchive.Infrastructure\AliArchive.Infrastructure.csproj", "{7A278467-24CC-4836-A8E3-9A33818A18BF}"
EndProject
Project("{FAE04EC0-301F-11D3-BF4B-00C04F79EFBC}") = "AliArchive.Model", "AliArchive.Model\AliArchive.Model.csproj", "{8FEBA1EC-72B1-4576-94E1-11B50CCDD84A}"
EndProject
Project("{FAE04EC0-301F-11D3-BF4B-00C04F79EFBC}") = "AliArchive.Repository.EntityFramework", "AliArchive.Repository.EntityFramework\AliArchive.Repository.EntityFramework.csproj", "{3D61FA13-6683-423D-8148-5CBC3649ADF7}"
EndProject
Project("{FAE04EC0-301F-11D3-BF4B-00C04F79EFBC}") = "AliArchive.Services", "AliArchive.Services\AliArchive.Services.csproj", "{6034A1A4-5A8F-4C69-878D-E15E79056037}"
EndProject
Project("{FAE04EC0-301F-11D3-BF4B-00C04F79EFBC}") = "AliArchive.Services.Cache", "AliArchive.Services.Cache\AliArchive.Services.Cache.csproj", "{E4A8809B-D148-415E-8BD0-2FD603652A50}"
EndProject
Project("{FAE04EC0-301F-11D3-BF4B-00C04F79EFBC}") = "AliArchive.UI.Web.MVC", "AliArchive.UI.Web.MVC\AliArchive.UI.Web.MVC.csproj", "{ACE87E8C-09B9-4894-AD32-2DFE9C27E918}"
EndProject
Project("{FAE04EC0-301F-11D3-BF4B-00C04F79EFBC}") = "AliArchive.Repository.EntityFramework.Test", "AliArchive.Repository.EntityFramework.Test\AliArchive.Repository.EntityFramework.Test.csproj", "{3EAE3C0C-1337-4CED-A9A0-01D5E370173D}"
EndProject
Global
	GlobalSection(SolutionConfigurationPlatforms) = preSolution
		Debug|Any CPU = Debug|Any CPU
		Release|Any CPU = Release|Any CPU
	EndGlobalSection
	GlobalSection(ProjectConfigurationPlatforms) = postSolution
		{5E5AB059-F032-4A7D-BB84-BE5B089A0E67}.Debug|Any CPU.ActiveCfg = Debug|Any CPU
		{5E5AB059-F032-4A7D-BB84-BE5B089A0E67}.Debug|Any CPU.Build.0 = Debug|Any CPU
		{5E5AB059-F032-4A7D-BB84-BE5B089A0E67}.Release|Any CPU.ActiveCfg = Release|Any CPU
		{5E5AB059-F032-4A7D-BB84-BE5B089A0E67}.Release|Any CPU.Build.0 = Release|Any CPU
		{7A278467-24CC-4836-A8E3-9A33818A18BF}.Debug|Any CPU.ActiveCfg = Debug|Any CPU
		{7A278467-24CC-4836-A8E3-9A33818A18BF}.Debug|Any CPU.Build.0 = Debug|Any CPU
		{7A278467-24CC-4836-A8E3-9A33818A18BF}.Release|Any CPU.ActiveCfg = Release|Any CPU
		{7A278467-24CC-4836-A8E3-9A33818A18BF}.Release|Any CPU.Build.0 = Release|Any CPU
		{8FEBA1EC-72B1-4576-94E1-11B50CCDD84A}.Debug|Any CPU.ActiveCfg = Debug|Any CPU
		{8FEBA1EC-72B1-4576-94E1-11B50CCDD84A}.Debug|Any CPU.Build.0 = Debug|Any CPU
		{8FEBA1EC-72B1-4576-94E1-11B50CCDD84A}.Release|Any CPU.ActiveCfg = Release|Any CPU
		{8FEBA1EC-72B1-4576-94E1-11B50CCDD84A}.Release|Any CPU.Build.0 = Release|Any CPU
		{3D61FA13-6683-423D-8148-5CBC3649ADF7}.Debug|Any CPU.ActiveCfg = Debug|Any CPU
		{3D61FA13-6683-423D-8148-5CBC3649ADF7}.Debug|Any CPU.Build.0 = Debug|Any CPU
		{3D61FA13-6683-423D-8148-5CBC3649ADF7}.Release|Any CPU.ActiveCfg = Release|Any CPU
		{3D61FA13-6683-423D-8148-5CBC3649ADF7}.Release|Any CPU.Build.0 = Release|Any CPU
		{6034A1A4-5A8F-4C69-878D-E15E79056037}.Debug|Any CPU.ActiveCfg = Debug|Any CPU
		{6034A1A4-5A8F-4C69-878D-E15E79056037}.Debug|Any CPU.Build.0 = Debug|Any CPU
		{6034A1A4-5A8F-4C69-878D-E15E79056037}.Release|Any CPU.ActiveCfg = Release|Any CPU
		{6034A1A4-5A8F-4C69-878D-E15E79056037}.Release|Any CPU.Build.0 = Release|Any CPU
		{E4A8809B-D148-415E-8BD0-2FD603652A50}.Debug|Any CPU.ActiveCfg = Debug|Any CPU
		{E4A8809B-D148-415E-8BD0-2FD603652A50}.Debug|Any CPU.Build.0 = Debug|Any CPU
		{E4A8809B-D148-415E-8BD0-2FD603652A50}.Release|Any CPU.ActiveCfg = Release|Any CPU
		{E4A8809B-D148-415E-8BD0-2FD603652A50}.Release|Any CPU.Build.0 = Release|Any CPU
		{ACE87E8C-09B9-4894-AD32-2DFE9C27E918}.Debug|Any CPU.ActiveCfg = Debug|Any CPU
		{ACE87E8C-09B9-4894-AD32-2DFE9C27E918}.Debug|Any CPU.Build.0 = Debug|Any CPU
		{ACE87E8C-09B9-4894-AD32-2DFE9C27E918}.Release|Any CPU.ActiveCfg = Release|Any CPU
		{ACE87E8C-09B9-4894-AD32-2DFE9C27E918}.Release|Any CPU.Build.0 = Release|Any CPU
		{3EAE3C0C-1337-4CED-A9A0-01D5E370173D}.Debug|Any CPU.ActiveCfg = Debug|Any CPU
		{3EAE3C0C-1337-4CED-A9A0-01D5E370173D}.Debug|Any CPU.Build.0 = Debug|Any CPU
		{3EAE3C0C-1337-4CED-A9A0-01D5E370173D}.Release|Any CPU.ActiveCfg = Release|Any CPU
		{3EAE3C0C-1337-4CED-A9A0-01D5E370173D}.Release|Any CPU.Build.0 = Release|Any CPU
	EndGlobalSection
	GlobalSection(SolutionProperties) = preSolution
		HideSolutionNode = FALSE
	EndGlobalSection
EndGlobal
